
Microsoft Visual Studio Solution File, Format Version 12.00
# Visual Studio Version 16
VisualStudioVersion = 16.0.31729.503
MinimumVisualStudioVersion = 10.0.40219.1
Project("{FAE04EC0-301F-11D3-BF4B-00C04F79EFBC}") = "APORTE_PARCIAL1", "APORTE_PARCIAL1\APORTE_PARCIAL1.csproj", "{11F8674C-6AE5-4F60-A7DA-2BBF8AFDD5E9}"
EndProject
Global
	GlobalSection(SolutionConfigurationPlatforms) = preSolution
		Debug|Any CPU = Debug|Any CPU
		Release|Any CPU = Release|Any CPU
	EndGlobalSection
	GlobalSection(ProjectConfigurationPlatforms) = postSolution
		{11F8674C-6AE5-4F60-A7DA-2BBF8AFDD5E9}.Debug|Any CPU.ActiveCfg = Debug|Any CPU
		{11F8674C-6AE5-4F60-A7DA-2BBF8AFDD5E9}.Debug|Any CPU.Build.0 = Debug|Any CPU
		{11F8674C-6AE5-4F60-A7DA-2BBF8AFDD5E9}.Release|Any CPU.ActiveCfg = Release|Any CPU
		{11F8674C-6AE5-4F60-A7DA-2BBF8AFDD5E9}.Release|Any CPU.Build.0 = Release|Any CPU
	EndGlobalSection
	GlobalSection(SolutionProperties) = preSolution
		HideSolutionNode = FALSE
	EndGlobalSection
	GlobalSection(ExtensibilityGlobals) = postSolution
		SolutionGuid = {7ACEF93E-69E3-4714-9C00-5B3DE42895BD}
	EndGlobalSection
EndGlobal
